
Microsoft Visual Studio Solution File, Format Version 12.00
# Visual Studio 15
VisualStudioVersion = 15.0.26430.6
MinimumVisualStudioVersion = 10.0.40219.1
Project("{8BC9CEB8-8B4A-11D0-8D11-00A0C91BC942}") = "-05_07_input", "d05_jni_01_07_input\d05_jni_01_07_input.vcxproj", "{D8308487-941D-4552-90AE-29DFD378D195}"
EndProject
Project("{8BC9CEB8-8B4A-11D0-8D11-00A0C91BC942}") = "-05_datatype", "-05_datatype\-05_datatype.vcxproj", "{8BAAD5C1-F914-4A71-880E-C50048734763}"
EndProject
Project("{8BC9CEB8-8B4A-11D0-8D11-00A0C91BC942}") = "-06_output", "-06_output\-06_output.vcxproj", "{9DEB3775-44A1-438A-952D-2EFFCCE9118A}"
EndProject
Project("{8BC9CEB8-8B4A-11D0-8D11-00A0C91BC942}") = "-08_pointer", "-08_pointer\-08_pointer.vcxproj", "{DA79FC21-1024-4CB2-A764-69448A2F2ABF}"
EndProject
Project("{8BC9CEB8-8B4A-11D0-8D11-00A0C91BC942}") = "-09_pointer_var", "-09_pointer_var\-09_pointer_var.vcxproj", "{9BD6AEEE-70FA-4EA7-ACDD-5B0162E09586}"
EndProject
Project("{8BC9CEB8-8B4A-11D0-8D11-00A0C91BC942}") = "-10_pointer_point", "-10_pointer_point\-10_pointer_point.vcxproj", "{2A58227B-7EFB-403F-9FAF-37CD1574D8B5}"
EndProject
Project("{8BC9CEB8-8B4A-11D0-8D11-00A0C91BC942}") = "-11_pointer_wuyong", "-11_pointer_wuyong\-11_pointer_wuyong.vcxproj", "{5941BE5C-0D10-46D2-8765-98FE012FF398}"
EndProject
Project("{8BC9CEB8-8B4A-11D0-8D11-00A0C91BC942}") = "-12_pointer_reference", "-12_pointer_reference\-12_pointer_reference.vcxproj", "{41AA0E04-2524-46B9-99EA-93D50C9290C1}"
EndProject
Project("{8BC9CEB8-8B4A-11D0-8D11-00A0C91BC942}") = "-13_pointer_return_more", "-13_pointer_return_more\-13_pointer_return_more.vcxproj", "{E0C6453C-86B0-473C-BD52-D513EA785DDB}"
EndProject
Project("{8BC9CEB8-8B4A-11D0-8D11-00A0C91BC942}") = "-14_string", "-14_string\-14_string.vcxproj", "{9175D321-2166-4496-9935-CB3A51DBDF55}"
EndProject
Project("{8BC9CEB8-8B4A-11D0-8D11-00A0C91BC942}") = "-15_return_stack_var_addr", "-15_return_stack_var_addr\-15_return_stack_var_addr.vcxproj", "{4C621472-136A-4096-BE87-5F38B858FC74}"
EndProject
Project("{8BC9CEB8-8B4A-11D0-8D11-00A0C91BC942}") = "-16_pointer_calculate", "-16_pointer_calculate\-16_pointer_calculate.vcxproj", "{9569A8AE-FB9A-4D6C-97F8-0CE8649F079B}"
EndProject
Project("{8BC9CEB8-8B4A-11D0-8D11-00A0C91BC942}") = "-17_array", "-17_array\-17_array.vcxproj", "{6F228B67-6CD0-47C4-B273-825F0F467619}"
EndProject
Project("{8BC9CEB8-8B4A-11D0-8D11-00A0C91BC942}") = "-17_arrar_pointer", "-17_arrar_pointer\-17_arrar_pointer.vcxproj", "{CD493995-AFBD-47CC-BC05-F39880A94818}"
EndProject
Project("{8BC9CEB8-8B4A-11D0-8D11-00A0C91BC942}") = "-19_running", "-19_running\-19_running.vcxproj", "{E5AB75C4-552B-4D21-BDDE-8036F5A59E43}"
EndProject
Project("{8BC9CEB8-8B4A-11D0-8D11-00A0C91BC942}") = "d02-01_pointer_size", "d02_02_pointer_size\d02_02_pointer_size.vcxproj", "{2769437D-1BD6-4044-8239-022D6B1A0659}"
EndProject
Project("{8BC9CEB8-8B4A-11D0-8D11-00A0C91BC942}") = "d02-02_multiple_pointer", "d02-02_multiple_pointer\d02-02_multiple_pointer.vcxproj", "{8CD89140-6D79-44DC-AB53-6D5B3DB7655E}"
EndProject
Project("{8BC9CEB8-8B4A-11D0-8D11-00A0C91BC942}") = "d02-03_struct", "d02-03_struct\d02-03_struct.vcxproj", "{96B33F4A-896C-4F0E-A77C-AABD84F1C33A}"
EndProject
Project("{8BC9CEB8-8B4A-11D0-8D11-00A0C91BC942}") = "d02-05_fun_pointer", "d02-05_fun_pointer\d02-05_fun_pointer.vcxproj", "{722D90EE-15FD-46FD-AE6A-69FA907FEE36}"
EndProject
Project("{8BC9CEB8-8B4A-11D0-8D11-00A0C91BC942}") = "d02-05_fun_pointer_02_callback", "d02-05_callback\d02-05_callback.vcxproj", "{5F896BE2-2F5F-4A54-A4A4-B9EBB4375E7D}"
EndProject
Project("{8BC9CEB8-8B4A-11D0-8D11-00A0C91BC942}") = "d02-05_fun_pointer_03_fun_pointer_struct", "d02-05_fun_pointer_03_fun_pointer_struct\d02-05_fun_pointer_03_fun_pointer_struct.vcxproj", "{5648813D-62E9-45CF-87E3-D14A4F9A5194}"
EndProject
Project("{8BC9CEB8-8B4A-11D0-8D11-00A0C91BC942}") = "d02-06_01_nion", "d02-06_union_enum\d02-06_union_enum.vcxproj", "{7F532746-7766-4AE7-82C3-9E21F772027F}"
EndProject
Project("{8BC9CEB8-8B4A-11D0-8D11-00A0C91BC942}") = "d02-06_02_enum", "d02-06_02_enum\d02-06_02_enum.vcxproj", "{657C15A0-3E20-4CE3-A8FB-B0429485732A}"
EndProject
Project("{8BC9CEB8-8B4A-11D0-8D11-00A0C91BC942}") = "d02-07_typedef", "d02-07_typedef\d02-07_typedef.vcxproj", "{BE1E4643-6D2F-49F3-90C8-F855AD912189}"
EndProject
Project("{8BC9CEB8-8B4A-11D0-8D11-00A0C91BC942}") = "ttt", "ttt\ttt.vcxproj", "{2D8E5C82-4CB6-490C-A647-CC3F9093A8BA}"
EndProject
Global
	GlobalSection(SolutionConfigurationPlatforms) = preSolution
		Debug|x64 = Debug|x64
		Debug|x86 = Debug|x86
		Release|x64 = Release|x64
		Release|x86 = Release|x86
	EndGlobalSection
	GlobalSection(ProjectConfigurationPlatforms) = postSolution
		{D8308487-941D-4552-90AE-29DFD378D195}.Debug|x64.ActiveCfg = Debug|x64
		{D8308487-941D-4552-90AE-29DFD378D195}.Debug|x64.Build.0 = Debug|x64
		{D8308487-941D-4552-90AE-29DFD378D195}.Debug|x86.ActiveCfg = Debug|Win32
		{D8308487-941D-4552-90AE-29DFD378D195}.Debug|x86.Build.0 = Debug|Win32
		{D8308487-941D-4552-90AE-29DFD378D195}.Release|x64.ActiveCfg = Release|x64
		{D8308487-941D-4552-90AE-29DFD378D195}.Release|x64.Build.0 = Release|x64
		{D8308487-941D-4552-90AE-29DFD378D195}.Release|x86.ActiveCfg = Release|Win32
		{D8308487-941D-4552-90AE-29DFD378D195}.Release|x86.Build.0 = Release|Win32
		{8BAAD5C1-F914-4A71-880E-C50048734763}.Debug|x64.ActiveCfg = Debug|x64
		{8BAAD5C1-F914-4A71-880E-C50048734763}.Debug|x64.Build.0 = Debug|x64
		{8BAAD5C1-F914-4A71-880E-C50048734763}.Debug|x86.ActiveCfg = Debug|Win32
		{8BAAD5C1-F914-4A71-880E-C50048734763}.Debug|x86.Build.0 = Debug|Win32
		{8BAAD5C1-F914-4A71-880E-C50048734763}.Release|x64.ActiveCfg = Release|x64
		{8BAAD5C1-F914-4A71-880E-C50048734763}.Release|x64.Build.0 = Release|x64
		{8BAAD5C1-F914-4A71-880E-C50048734763}.Release|x86.ActiveCfg = Release|Win32
		{8BAAD5C1-F914-4A71-880E-C50048734763}.Release|x86.Build.0 = Release|Win32
		{9DEB3775-44A1-438A-952D-2EFFCCE9118A}.Debug|x64.ActiveCfg = Debug|x64
		{9DEB3775-44A1-438A-952D-2EFFCCE9118A}.Debug|x64.Build.0 = Debug|x64
		{9DEB3775-44A1-438A-952D-2EFFCCE9118A}.Debug|x86.ActiveCfg = Debug|Win32
		{9DEB3775-44A1-438A-952D-2EFFCCE9118A}.Debug|x86.Build.0 = Debug|Win32
		{9DEB3775-44A1-438A-952D-2EFFCCE9118A}.Release|x64.ActiveCfg = Release|x64
		{9DEB3775-44A1-438A-952D-2EFFCCE9118A}.Release|x64.Build.0 = Release|x64
		{9DEB3775-44A1-438A-952D-2EFFCCE9118A}.Release|x86.ActiveCfg = Release|Win32
		{9DEB3775-44A1-438A-952D-2EFFCCE9118A}.Release|x86.Build.0 = Release|Win32
		{DA79FC21-1024-4CB2-A764-69448A2F2ABF}.Debug|x64.ActiveCfg = Debug|x64
		{DA79FC21-1024-4CB2-A764-69448A2F2ABF}.Debug|x64.Build.0 = Debug|x64
		{DA79FC21-1024-4CB2-A764-69448A2F2ABF}.Debug|x86.ActiveCfg = Debug|Win32
		{DA79FC21-1024-4CB2-A764-69448A2F2ABF}.Debug|x86.Build.0 = Debug|Win32
		{DA79FC21-1024-4CB2-A764-69448A2F2ABF}.Release|x64.ActiveCfg = Release|x64
		{DA79FC21-1024-4CB2-A764-69448A2F2ABF}.Release|x64.Build.0 = Release|x64
		{DA79FC21-1024-4CB2-A764-69448A2F2ABF}.Release|x86.ActiveCfg = Release|Win32
		{DA79FC21-1024-4CB2-A764-69448A2F2ABF}.Release|x86.Build.0 = Release|Win32
		{9BD6AEEE-70FA-4EA7-ACDD-5B0162E09586}.Debug|x64.ActiveCfg = Debug|x64
		{9BD6AEEE-70FA-4EA7-ACDD-5B0162E09586}.Debug|x64.Build.0 = Debug|x64
		{9BD6AEEE-70FA-4EA7-ACDD-5B0162E09586}.Debug|x86.ActiveCfg = Debug|Win32
		{9BD6AEEE-70FA-4EA7-ACDD-5B0162E09586}.Debug|x86.Build.0 = Debug|Win32
		{9BD6AEEE-70FA-4EA7-ACDD-5B0162E09586}.Release|x64.ActiveCfg = Release|x64
		{9BD6AEEE-70FA-4EA7-ACDD-5B0162E09586}.Release|x64.Build.0 = Release|x64
		{9BD6AEEE-70FA-4EA7-ACDD-5B0162E09586}.Release|x86.ActiveCfg = Release|Win32
		{9BD6AEEE-70FA-4EA7-ACDD-5B0162E09586}.Release|x86.Build.0 = Release|Win32
		{2A58227B-7EFB-403F-9FAF-37CD1574D8B5}.Debug|x64.ActiveCfg = Debug|x64
		{2A58227B-7EFB-403F-9FAF-37CD1574D8B5}.Debug|x64.Build.0 = Debug|x64
		{2A58227B-7EFB-403F-9FAF-37CD1574D8B5}.Debug|x86.ActiveCfg = Debug|Win32
		{2A58227B-7EFB-403F-9FAF-37CD1574D8B5}.Debug|x86.Build.0 = Debug|Win32
		{2A58227B-7EFB-403F-9FAF-37CD1574D8B5}.Release|x64.ActiveCfg = Release|x64
		{2A58227B-7EFB-403F-9FAF-37CD1574D8B5}.Release|x64.Build.0 = Release|x64
		{2A58227B-7EFB-403F-9FAF-37CD1574D8B5}.Release|x86.ActiveCfg = Release|Win32
		{2A58227B-7EFB-403F-9FAF-37CD1574D8B5}.Release|x86.Build.0 = Release|Win32
		{5941BE5C-0D10-46D2-8765-98FE012FF398}.Debug|x64.ActiveCfg = Debug|x64
		{5941BE5C-0D10-46D2-8765-98FE012FF398}.Debug|x64.Build.0 = Debug|x64
		{5941BE5C-0D10-46D2-8765-98FE012FF398}.Debug|x86.ActiveCfg = Debug|Win32
		{5941BE5C-0D10-46D2-8765-98FE012FF398}.Debug|x86.Build.0 = Debug|Win32
		{5941BE5C-0D10-46D2-8765-98FE012FF398}.Release|x64.ActiveCfg = Release|x64
		{5941BE5C-0D10-46D2-8765-98FE012FF398}.Release|x64.Build.0 = Release|x64
		{5941BE5C-0D10-46D2-8765-98FE012FF398}.Release|x86.ActiveCfg = Release|Win32
		{5941BE5C-0D10-46D2-8765-98FE012FF398}.Release|x86.Build.0 = Release|Win32
		{41AA0E04-2524-46B9-99EA-93D50C9290C1}.Debug|x64.ActiveCfg = Debug|x64
		{41AA0E04-2524-46B9-99EA-93D50C9290C1}.Debug|x64.Build.0 = Debug|x64
		{41AA0E04-2524-46B9-99EA-93D50C9290C1}.Debug|x86.ActiveCfg = Debug|Win32
		{41AA0E04-2524-46B9-99EA-93D50C9290C1}.Debug|x86.Build.0 = Debug|Win32
		{41AA0E04-2524-46B9-99EA-93D50C9290C1}.Release|x64.ActiveCfg = Release|x64
		{41AA0E04-2524-46B9-99EA-93D50C9290C1}.Release|x64.Build.0 = Release|x64
		{41AA0E04-2524-46B9-99EA-93D50C9290C1}.Release|x86.ActiveCfg = Release|Win32
		{41AA0E04-2524-46B9-99EA-93D50C9290C1}.Release|x86.Build.0 = Release|Win32
		{E0C6453C-86B0-473C-BD52-D513EA785DDB}.Debug|x64.ActiveCfg = Debug|x64
		{E0C6453C-86B0-473C-BD52-D513EA785DDB}.Debug|x64.Build.0 = Debug|x64
		{E0C6453C-86B0-473C-BD52-D513EA785DDB}.Debug|x86.ActiveCfg = Debug|Win32
		{E0C6453C-86B0-473C-BD52-D513EA785DDB}.Debug|x86.Build.0 = Debug|Win32
		{E0C6453C-86B0-473C-BD52-D513EA785DDB}.Release|x64.ActiveCfg = Release|x64
		{E0C6453C-86B0-473C-BD52-D513EA785DDB}.Release|x64.Build.0 = Release|x64
		{E0C6453C-86B0-473C-BD52-D513EA785DDB}.Release|x86.ActiveCfg = Release|Win32
		{E0C6453C-86B0-473C-BD52-D513EA785DDB}.Release|x86.Build.0 = Release|Win32
		{9175D321-2166-4496-9935-CB3A51DBDF55}.Debug|x64.ActiveCfg = Debug|x64
		{9175D321-2166-4496-9935-CB3A51DBDF55}.Debug|x64.Build.0 = Debug|x64
		{9175D321-2166-4496-9935-CB3A51DBDF55}.Debug|x86.ActiveCfg = Debug|Win32
		{9175D321-2166-4496-9935-CB3A51DBDF55}.Debug|x86.Build.0 = Debug|Win32
		{9175D321-2166-4496-9935-CB3A51DBDF55}.Release|x64.ActiveCfg = Release|x64
		{9175D321-2166-4496-9935-CB3A51DBDF55}.Release|x64.Build.0 = Release|x64
		{9175D321-2166-4496-9935-CB3A51DBDF55}.Release|x86.ActiveCfg = Release|Win32
		{9175D321-2166-4496-9935-CB3A51DBDF55}.Release|x86.Build.0 = Release|Win32
		{4C621472-136A-4096-BE87-5F38B858FC74}.Debug|x64.ActiveCfg = Debug|x64
		{4C621472-136A-4096-BE87-5F38B858FC74}.Debug|x64.Build.0 = Debug|x64
		{4C621472-136A-4096-BE87-5F38B858FC74}.Debug|x86.ActiveCfg = Debug|Win32
		{4C621472-136A-4096-BE87-5F38B858FC74}.Debug|x86.Build.0 = Debug|Win32
		{4C621472-136A-4096-BE87-5F38B858FC74}.Release|x64.ActiveCfg = Release|x64
		{4C621472-136A-4096-BE87-5F38B858FC74}.Release|x64.Build.0 = Release|x64
		{4C621472-136A-4096-BE87-5F38B858FC74}.Release|x86.ActiveCfg = Release|Win32
		{4C621472-136A-4096-BE87-5F38B858FC74}.Release|x86.Build.0 = Release|Win32
		{9569A8AE-FB9A-4D6C-97F8-0CE8649F079B}.Debug|x64.ActiveCfg = Debug|x64
		{9569A8AE-FB9A-4D6C-97F8-0CE8649F079B}.Debug|x64.Build.0 = Debug|x64
		{9569A8AE-FB9A-4D6C-97F8-0CE8649F079B}.Debug|x86.ActiveCfg = Debug|Win32
		{9569A8AE-FB9A-4D6C-97F8-0CE8649F079B}.Debug|x86.Build.0 = Debug|Win32
		{9569A8AE-FB9A-4D6C-97F8-0CE8649F079B}.Release|x64.ActiveCfg = Release|x64
		{9569A8AE-FB9A-4D6C-97F8-0CE8649F079B}.Release|x64.Build.0 = Release|x64
		{9569A8AE-FB9A-4D6C-97F8-0CE8649F079B}.Release|x86.ActiveCfg = Release|Win32
		{9569A8AE-FB9A-4D6C-97F8-0CE8649F079B}.Release|x86.Build.0 = Release|Win32
		{6F228B67-6CD0-47C4-B273-825F0F467619}.Debug|x64.ActiveCfg = Debug|x64
		{6F228B67-6CD0-47C4-B273-825F0F467619}.Debug|x64.Build.0 = Debug|x64
		{6F228B67-6CD0-47C4-B273-825F0F467619}.Debug|x86.ActiveCfg = Debug|Win32
		{6F228B67-6CD0-47C4-B273-825F0F467619}.Debug|x86.Build.0 = Debug|Win32
		{6F228B67-6CD0-47C4-B273-825F0F467619}.Release|x64.ActiveCfg = Release|x64
		{6F228B67-6CD0-47C4-B273-825F0F467619}.Release|x64.Build.0 = Release|x64
		{6F228B67-6CD0-47C4-B273-825F0F467619}.Release|x86.ActiveCfg = Release|Win32
		{6F228B67-6CD0-47C4-B273-825F0F467619}.Release|x86.Build.0 = Release|Win32
		{CD493995-AFBD-47CC-BC05-F39880A94818}.Debug|x64.ActiveCfg = Debug|x64
		{CD493995-AFBD-47CC-BC05-F39880A94818}.Debug|x64.Build.0 = Debug|x64
		{CD493995-AFBD-47CC-BC05-F39880A94818}.Debug|x86.ActiveCfg = Debug|Win32
		{CD493995-AFBD-47CC-BC05-F39880A94818}.Debug|x86.Build.0 = Debug|Win32
		{CD493995-AFBD-47CC-BC05-F39880A94818}.Release|x64.ActiveCfg = Release|x64
		{CD493995-AFBD-47CC-BC05-F39880A94818}.Release|x64.Build.0 = Release|x64
		{CD493995-AFBD-47CC-BC05-F39880A94818}.Release|x86.ActiveCfg = Release|Win32
		{CD493995-AFBD-47CC-BC05-F39880A94818}.Release|x86.Build.0 = Release|Win32
		{E5AB75C4-552B-4D21-BDDE-8036F5A59E43}.Debug|x64.ActiveCfg = Debug|x64
		{E5AB75C4-552B-4D21-BDDE-8036F5A59E43}.Debug|x64.Build.0 = Debug|x64
		{E5AB75C4-552B-4D21-BDDE-8036F5A59E43}.Debug|x86.ActiveCfg = Debug|Win32
		{E5AB75C4-552B-4D21-BDDE-8036F5A59E43}.Debug|x86.Build.0 = Debug|Win32
		{E5AB75C4-552B-4D21-BDDE-8036F5A59E43}.Release|x64.ActiveCfg = Release|x64
		{E5AB75C4-552B-4D21-BDDE-8036F5A59E43}.Release|x64.Build.0 = Release|x64
		{E5AB75C4-552B-4D21-BDDE-8036F5A59E43}.Release|x86.ActiveCfg = Release|Win32
		{E5AB75C4-552B-4D21-BDDE-8036F5A59E43}.Release|x86.Build.0 = Release|Win32
		{2769437D-1BD6-4044-8239-022D6B1A0659}.Debug|x64.ActiveCfg = Debug|x64
		{2769437D-1BD6-4044-8239-022D6B1A0659}.Debug|x64.Build.0 = Debug|x64
		{2769437D-1BD6-4044-8239-022D6B1A0659}.Debug|x86.ActiveCfg = Debug|Win32
		{2769437D-1BD6-4044-8239-022D6B1A0659}.Debug|x86.Build.0 = Debug|Win32
		{2769437D-1BD6-4044-8239-022D6B1A0659}.Release|x64.ActiveCfg = Release|x64
		{2769437D-1BD6-4044-8239-022D6B1A0659}.Release|x64.Build.0 = Release|x64
		{2769437D-1BD6-4044-8239-022D6B1A0659}.Release|x86.ActiveCfg = Release|Win32
		{2769437D-1BD6-4044-8239-022D6B1A0659}.Release|x86.Build.0 = Release|Win32
		{8CD89140-6D79-44DC-AB53-6D5B3DB7655E}.Debug|x64.ActiveCfg = Debug|x64
		{8CD89140-6D79-44DC-AB53-6D5B3DB7655E}.Debug|x64.Build.0 = Debug|x64
		{8CD89140-6D79-44DC-AB53-6D5B3DB7655E}.Debug|x86.ActiveCfg = Debug|Win32
		{8CD89140-6D79-44DC-AB53-6D5B3DB7655E}.Debug|x86.Build.0 = Debug|Win32
		{8CD89140-6D79-44DC-AB53-6D5B3DB7655E}.Release|x64.ActiveCfg = Release|x64
		{8CD89140-6D79-44DC-AB53-6D5B3DB7655E}.Release|x64.Build.0 = Release|x64
		{8CD89140-6D79-44DC-AB53-6D5B3DB7655E}.Release|x86.ActiveCfg = Release|Win32
		{8CD89140-6D79-44DC-AB53-6D5B3DB7655E}.Release|x86.Build.0 = Release|Win32
		{96B33F4A-896C-4F0E-A77C-AABD84F1C33A}.Debug|x64.ActiveCfg = Debug|x64
		{96B33F4A-896C-4F0E-A77C-AABD84F1C33A}.Debug|x64.Build.0 = Debug|x64
		{96B33F4A-896C-4F0E-A77C-AABD84F1C33A}.Debug|x86.ActiveCfg = Debug|Win32
		{96B33F4A-896C-4F0E-A77C-AABD84F1C33A}.Debug|x86.Build.0 = Debug|Win32
		{96B33F4A-896C-4F0E-A77C-AABD84F1C33A}.Release|x64.ActiveCfg = Release|x64
		{96B33F4A-896C-4F0E-A77C-AABD84F1C33A}.Release|x64.Build.0 = Release|x64
		{96B33F4A-896C-4F0E-A77C-AABD84F1C33A}.Release|x86.ActiveCfg = Release|Win32
		{96B33F4A-896C-4F0E-A77C-AABD84F1C33A}.Release|x86.Build.0 = Release|Win32
		{722D90EE-15FD-46FD-AE6A-69FA907FEE36}.Debug|x64.ActiveCfg = Debug|x64
		{722D90EE-15FD-46FD-AE6A-69FA907FEE36}.Debug|x64.Build.0 = Debug|x64
		{722D90EE-15FD-46FD-AE6A-69FA907FEE36}.Debug|x86.ActiveCfg = Debug|Win32
		{722D90EE-15FD-46FD-AE6A-69FA907FEE36}.Debug|x86.Build.0 = Debug|Win32
		{722D90EE-15FD-46FD-AE6A-69FA907FEE36}.Release|x64.ActiveCfg = Release|x64
		{722D90EE-15FD-46FD-AE6A-69FA907FEE36}.Release|x64.Build.0 = Release|x64
		{722D90EE-15FD-46FD-AE6A-69FA907FEE36}.Release|x86.ActiveCfg = Release|Win32
		{722D90EE-15FD-46FD-AE6A-69FA907FEE36}.Release|x86.Build.0 = Release|Win32
		{5F896BE2-2F5F-4A54-A4A4-B9EBB4375E7D}.Debug|x64.ActiveCfg = Debug|x64
		{5F896BE2-2F5F-4A54-A4A4-B9EBB4375E7D}.Debug|x64.Build.0 = Debug|x64
		{5F896BE2-2F5F-4A54-A4A4-B9EBB4375E7D}.Debug|x86.ActiveCfg = Debug|Win32
		{5F896BE2-2F5F-4A54-A4A4-B9EBB4375E7D}.Debug|x86.Build.0 = Debug|Win32
		{5F896BE2-2F5F-4A54-A4A4-B9EBB4375E7D}.Release|x64.ActiveCfg = Release|x64
		{5F896BE2-2F5F-4A54-A4A4-B9EBB4375E7D}.Release|x64.Build.0 = Release|x64
		{5F896BE2-2F5F-4A54-A4A4-B9EBB4375E7D}.Release|x86.ActiveCfg = Release|Win32
		{5F896BE2-2F5F-4A54-A4A4-B9EBB4375E7D}.Release|x86.Build.0 = Release|Win32
		{5648813D-62E9-45CF-87E3-D14A4F9A5194}.Debug|x64.ActiveCfg = Debug|x64
		{5648813D-62E9-45CF-87E3-D14A4F9A5194}.Debug|x64.Build.0 = Debug|x64
		{5648813D-62E9-45CF-87E3-D14A4F9A5194}.Debug|x86.ActiveCfg = Debug|Win32
		{5648813D-62E9-45CF-87E3-D14A4F9A5194}.Debug|x86.Build.0 = Debug|Win32
		{5648813D-62E9-45CF-87E3-D14A4F9A5194}.Release|x64.ActiveCfg = Release|x64
		{5648813D-62E9-45CF-87E3-D14A4F9A5194}.Release|x64.Build.0 = Release|x64
		{5648813D-62E9-45CF-87E3-D14A4F9A5194}.Release|x86.ActiveCfg = Release|Win32
		{5648813D-62E9-45CF-87E3-D14A4F9A5194}.Release|x86.Build.0 = Release|Win32
		{7F532746-7766-4AE7-82C3-9E21F772027F}.Debug|x64.ActiveCfg = Debug|x64
		{7F532746-7766-4AE7-82C3-9E21F772027F}.Debug|x64.Build.0 = Debug|x64
		{7F532746-7766-4AE7-82C3-9E21F772027F}.Debug|x86.ActiveCfg = Debug|Win32
		{7F532746-7766-4AE7-82C3-9E21F772027F}.Debug|x86.Build.0 = Debug|Win32
		{7F532746-7766-4AE7-82C3-9E21F772027F}.Release|x64.ActiveCfg = Release|x64
		{7F532746-7766-4AE7-82C3-9E21F772027F}.Release|x64.Build.0 = Release|x64
		{7F532746-7766-4AE7-82C3-9E21F772027F}.Release|x86.ActiveCfg = Release|Win32
		{7F532746-7766-4AE7-82C3-9E21F772027F}.Release|x86.Build.0 = Release|Win32
		{657C15A0-3E20-4CE3-A8FB-B0429485732A}.Debug|x64.ActiveCfg = Debug|x64
		{657C15A0-3E20-4CE3-A8FB-B0429485732A}.Debug|x64.Build.0 = Debug|x64
		{657C15A0-3E20-4CE3-A8FB-B0429485732A}.Debug|x86.ActiveCfg = Debug|Win32
		{657C15A0-3E20-4CE3-A8FB-B0429485732A}.Debug|x86.Build.0 = Debug|Win32
		{657C15A0-3E20-4CE3-A8FB-B0429485732A}.Release|x64.ActiveCfg = Release|x64
		{657C15A0-3E20-4CE3-A8FB-B0429485732A}.Release|x64.Build.0 = Release|x64
		{657C15A0-3E20-4CE3-A8FB-B0429485732A}.Release|x86.ActiveCfg = Release|Win32
		{657C15A0-3E20-4CE3-A8FB-B0429485732A}.Release|x86.Build.0 = Release|Win32
		{BE1E4643-6D2F-49F3-90C8-F855AD912189}.Debug|x64.ActiveCfg = Debug|x64
		{BE1E4643-6D2F-49F3-90C8-F855AD912189}.Debug|x64.Build.0 = Debug|x64
		{BE1E4643-6D2F-49F3-90C8-F855AD912189}.Debug|x86.ActiveCfg = Debug|Win32
		{BE1E4643-6D2F-49F3-90C8-F855AD912189}.Debug|x86.Build.0 = Debug|Win32
		{BE1E4643-6D2F-49F3-90C8-F855AD912189}.Release|x64.ActiveCfg = Release|x64
		{BE1E4643-6D2F-49F3-90C8-F855AD912189}.Release|x64.Build.0 = Release|x64
		{BE1E4643-6D2F-49F3-90C8-F855AD912189}.Release|x86.ActiveCfg = Release|Win32
		{BE1E4643-6D2F-49F3-90C8-F855AD912189}.Release|x86.Build.0 = Release|Win32
		{2D8E5C82-4CB6-490C-A647-CC3F9093A8BA}.Debug|x64.ActiveCfg = Debug|x64
		{2D8E5C82-4CB6-490C-A647-CC3F9093A8BA}.Debug|x64.Build.0 = Debug|x64
		{2D8E5C82-4CB6-490C-A647-CC3F9093A8BA}.Debug|x86.ActiveCfg = Debug|Win32
		{2D8E5C82-4CB6-490C-A647-CC3F9093A8BA}.Debug|x86.Build.0 = Debug|Win32
		{2D8E5C82-4CB6-490C-A647-CC3F9093A8BA}.Release|x64.ActiveCfg = Release|x64
		{2D8E5C82-4CB6-490C-A647-CC3F9093A8BA}.Release|x64.Build.0 = Release|x64
		{2D8E5C82-4CB6-490C-A647-CC3F9093A8BA}.Release|x86.ActiveCfg = Release|Win32
		{2D8E5C82-4CB6-490C-A647-CC3F9093A8BA}.Release|x86.Build.0 = Release|Win32
	EndGlobalSection
	GlobalSection(SolutionProperties) = preSolution
		HideSolutionNode = FALSE
	EndGlobalSection
EndGlobal
